
Microsoft Visual Studio Solution File, Format Version 12.00
# Visual Studio Version 16
VisualStudioVersion = 16.0.31729.503
MinimumVisualStudioVersion = 10.0.40219.1
Project("{2150E333-8FDC-42A3-9474-1A3956D46DE8}") = "Doc", "Doc", "{9DF1E501-8BA1-41EC-9803-BF84768D0560}"
EndProject
Project("{2150E333-8FDC-42A3-9474-1A3956D46DE8}") = "Src", "Src", "{EB56B87D-2CDA-46AA-AEE1-FFE3326BCCB1}"
EndProject
Project("{2150E333-8FDC-42A3-9474-1A3956D46DE8}") = "Test", "Test", "{66522A0F-208C-49AB-BFF7-7D96A9BBA4A4}"
EndProject
Project("{2150E333-8FDC-42A3-9474-1A3956D46DE8}") = "Core", "Core", "{0EE5EC07-F688-49B3-ADFF-BC3BC3137C29}"
EndProject
Project("{2150E333-8FDC-42A3-9474-1A3956D46DE8}") = "Infrastructure", "Infrastructure", "{74F49D83-23D2-41B0-9234-03A32D09F89E}"
EndProject
Project("{2150E333-8FDC-42A3-9474-1A3956D46DE8}") = "Presentation", "Presentation", "{99A8BDED-D393-4E42-9676-F13301091FAD}"
EndProject
Project("{2150E333-8FDC-42A3-9474-1A3956D46DE8}") = "Common", "Common", "{28F8528D-EB50-4B34-8FC8-6D0A1319EE8A}"
EndProject
Project("{9A19103F-16F7-4668-BE54-9A1E7A4F7556}") = "Store.Domain", "Store.Domain\Store.Domain.csproj", "{473EB92C-AD8D-400C-AD18-DB4E06E8D0E0}"
EndProject
Project("{9A19103F-16F7-4668-BE54-9A1E7A4F7556}") = "Store.Application", "Store.Application\Store.Application.csproj", "{814C9305-0909-4A41-A7BF-48731F93FCFE}"
EndProject
Project("{9A19103F-16F7-4668-BE54-9A1E7A4F7556}") = "Store.Infrastructure", "Store.Infrastructure\Store.Infrastructure.csproj", "{4ED4723E-798C-475C-821E-DD250717E2B6}"
EndProject
Project("{9A19103F-16F7-4668-BE54-9A1E7A4F7556}") = "Store.Persistance", "Persistance.Store\Store.Persistance.csproj", "{1859D11C-FE3A-4460-B13C-E3CE472F696B}"
EndProject
Project("{9A19103F-16F7-4668-BE54-9A1E7A4F7556}") = "Store.Common", "Store.Common\Store.Common.csproj", "{8812C33F-B878-4D2D-A1C4-797E861F4B56}"
EndProject
Project("{9A19103F-16F7-4668-BE54-9A1E7A4F7556}") = "Endpoint.Site", "Endpoint.Site\Endpoint.Site.csproj", "{A3F208D0-E48F-4B1F-9D97-9636EE3589FB}"
EndProject
Global
	GlobalSection(SolutionConfigurationPlatforms) = preSolution
		Debug|Any CPU = Debug|Any CPU
		Release|Any CPU = Release|Any CPU
	EndGlobalSection
	GlobalSection(ProjectConfigurationPlatforms) = postSolution
		{473EB92C-AD8D-400C-AD18-DB4E06E8D0E0}.Debug|Any CPU.ActiveCfg = Debug|Any CPU
		{473EB92C-AD8D-400C-AD18-DB4E06E8D0E0}.Debug|Any CPU.Build.0 = Debug|Any CPU
		{473EB92C-AD8D-400C-AD18-DB4E06E8D0E0}.Release|Any CPU.ActiveCfg = Release|Any CPU
		{473EB92C-AD8D-400C-AD18-DB4E06E8D0E0}.Release|Any CPU.Build.0 = Release|Any CPU
		{814C9305-0909-4A41-A7BF-48731F93FCFE}.Debug|Any CPU.ActiveCfg = Debug|Any CPU
		{814C9305-0909-4A41-A7BF-48731F93FCFE}.Debug|Any CPU.Build.0 = Debug|Any CPU
		{814C9305-0909-4A41-A7BF-48731F93FCFE}.Release|Any CPU.ActiveCfg = Release|Any CPU
		{814C9305-0909-4A41-A7BF-48731F93FCFE}.Release|Any CPU.Build.0 = Release|Any CPU
		{4ED4723E-798C-475C-821E-DD250717E2B6}.Debug|Any CPU.ActiveCfg = Debug|Any CPU
		{4ED4723E-798C-475C-821E-DD250717E2B6}.Debug|Any CPU.Build.0 = Debug|Any CPU
		{4ED4723E-798C-475C-821E-DD250717E2B6}.Release|Any CPU.ActiveCfg = Release|Any CPU
		{4ED4723E-798C-475C-821E-DD250717E2B6}.Release|Any CPU.Build.0 = Release|Any CPU
		{1859D11C-FE3A-4460-B13C-E3CE472F696B}.Debug|Any CPU.ActiveCfg = Debug|Any CPU
		{1859D11C-FE3A-4460-B13C-E3CE472F696B}.Debug|Any CPU.Build.0 = Debug|Any CPU
		{1859D11C-FE3A-4460-B13C-E3CE472F696B}.Release|Any CPU.ActiveCfg = Release|Any CPU
		{1859D11C-FE3A-4460-B13C-E3CE472F696B}.Release|Any CPU.Build.0 = Release|Any CPU
		{8812C33F-B878-4D2D-A1C4-797E861F4B56}.Debug|Any CPU.ActiveCfg = Debug|Any CPU
		{8812C33F-B878-4D2D-A1C4-797E861F4B56}.Debug|Any CPU.Build.0 = Debug|Any CPU
		{8812C33F-B878-4D2D-A1C4-797E861F4B56}.Release|Any CPU.ActiveCfg = Release|Any CPU
		{8812C33F-B878-4D2D-A1C4-797E861F4B56}.Release|Any CPU.Build.0 = Release|Any CPU
		{A3F208D0-E48F-4B1F-9D97-9636EE3589FB}.Debug|Any CPU.ActiveCfg = Debug|Any CPU
		{A3F208D0-E48F-4B1F-9D97-9636EE3589FB}.Debug|Any CPU.Build.0 = Debug|Any CPU
		{A3F208D0-E48F-4B1F-9D97-9636EE3589FB}.Release|Any CPU.ActiveCfg = Release|Any CPU
		{A3F208D0-E48F-4B1F-9D97-9636EE3589FB}.Release|Any CPU.Build.0 = Release|Any CPU
	EndGlobalSection
	GlobalSection(SolutionProperties) = preSolution
		HideSolutionNode = FALSE
	EndGlobalSection
	GlobalSection(NestedProjects) = preSolution
		{0EE5EC07-F688-49B3-ADFF-BC3BC3137C29} = {EB56B87D-2CDA-46AA-AEE1-FFE3326BCCB1}
		{74F49D83-23D2-41B0-9234-03A32D09F89E} = {EB56B87D-2CDA-46AA-AEE1-FFE3326BCCB1}
		{99A8BDED-D393-4E42-9676-F13301091FAD} = {EB56B87D-2CDA-46AA-AEE1-FFE3326BCCB1}
		{28F8528D-EB50-4B34-8FC8-6D0A1319EE8A} = {EB56B87D-2CDA-46AA-AEE1-FFE3326BCCB1}
		{473EB92C-AD8D-400C-AD18-DB4E06E8D0E0} = {0EE5EC07-F688-49B3-ADFF-BC3BC3137C29}
		{814C9305-0909-4A41-A7BF-48731F93FCFE} = {0EE5EC07-F688-49B3-ADFF-BC3BC3137C29}
		{4ED4723E-798C-475C-821E-DD250717E2B6} = {74F49D83-23D2-41B0-9234-03A32D09F89E}
		{1859D11C-FE3A-4460-B13C-E3CE472F696B} = {74F49D83-23D2-41B0-9234-03A32D09F89E}
		{8812C33F-B878-4D2D-A1C4-797E861F4B56} = {28F8528D-EB50-4B34-8FC8-6D0A1319EE8A}
		{A3F208D0-E48F-4B1F-9D97-9636EE3589FB} = {99A8BDED-D393-4E42-9676-F13301091FAD}
	EndGlobalSection
	GlobalSection(ExtensibilityGlobals) = postSolution
		SolutionGuid = {7F86BA30-6C5B-4885-A79C-B94C654B33A8}
	EndGlobalSection
EndGlobal
